
Microsoft Visual Studio Solution File, Format Version 12.00
# Visual Studio Version 17
VisualStudioVersion = 17.0.31903.59
MinimumVisualStudioVersion = 10.0.40219.1
Project("{2150E333-8FDC-42A3-9474-1A3956D46DE8}") = "Services", "Services", "{2E590CF7-3FE9-4975-9850-8F5BD9505E1F}"
EndProject
Project("{2150E333-8FDC-42A3-9474-1A3956D46DE8}") = "Catalog", "Catalog", "{44729E61-B33B-4761-87AD-8ACC778C220C}"
EndProject
Project("{FAE04EC0-301F-11D3-BF4B-00C04F79EFBC}") = "Catalog.API", "Services\Catalog\Catalog.API\Catalog.API.csproj", "{28FAC833-F3B1-4AB5-8A6E-97FE33E59C39}"
EndProject
Global
	GlobalSection(SolutionConfigurationPlatforms) = preSolution
		Debug|Any CPU = Debug|Any CPU
		Release|Any CPU = Release|Any CPU
	EndGlobalSection
	GlobalSection(ProjectConfigurationPlatforms) = postSolution
		{28FAC833-F3B1-4AB5-8A6E-97FE33E59C39}.Debug|Any CPU.ActiveCfg = Debug|Any CPU
		{28FAC833-F3B1-4AB5-8A6E-97FE33E59C39}.Debug|Any CPU.Build.0 = Debug|Any CPU
		{28FAC833-F3B1-4AB5-8A6E-97FE33E59C39}.Release|Any CPU.ActiveCfg = Release|Any CPU
		{28FAC833-F3B1-4AB5-8A6E-97FE33E59C39}.Release|Any CPU.Build.0 = Release|Any CPU
	EndGlobalSection
	GlobalSection(SolutionProperties) = preSolution
		HideSolutionNode = FALSE
	EndGlobalSection
	GlobalSection(NestedProjects) = preSolution
		{44729E61-B33B-4761-87AD-8ACC778C220C} = {2E590CF7-3FE9-4975-9850-8F5BD9505E1F}
		{28FAC833-F3B1-4AB5-8A6E-97FE33E59C39} = {44729E61-B33B-4761-87AD-8ACC778C220C}
	EndGlobalSection
	GlobalSection(ExtensibilityGlobals) = postSolution
		SolutionGuid = {44264A7B-6662-4F97-BB92-CDC8F7D87238}
	EndGlobalSection
EndGlobal
